// !$*UTF8*$!
{
	archiveVersion = 1;
	classes = {
	};
	objectVersion = 52;
	objects = {

/* Begin PBXBuildFile section */
		740E04D5298B498100EB0F33 /* TrackCell.swift in Sources */ = {isa = PBXBuildFile; fileRef = 740E04D4298B498100EB0F33 /* TrackCell.swift */; };
		740E04D8298B49A500EB0F33 /* TrackViewController.swift in Sources */ = {isa = PBXBuildFile; fileRef = 740E04D7298B49A500EB0F33 /* TrackViewController.swift */; };
		740E04DB298B49D000EB0F33 /* DetailViewController.swift in Sources */ = {isa = PBXBuildFile; fileRef = 740E04DA298B49D000EB0F33 /* DetailViewController.swift */; };
		740E04DE298B49F000EB0F33 /* Track.swift in Sources */ = {isa = PBXBuildFile; fileRef = 740E04DD298B49F000EB0F33 /* Track.swift */; };
		740E04E2298B4A4F00EB0F33 /* Nuke in Frameworks */ = {isa = PBXBuildFile; productRef = 740E04E1298B4A4F00EB0F33 /* Nuke */; };
		740E04F3298B775700EB0F33 /* Launch Screen.storyboard in Resources */ = {isa = PBXBuildFile; fileRef = 740E04F2298B775600EB0F33 /* Launch Screen.storyboard */; };
		7423E20E298E44B50085F8AC /* PostersViewController.swift in Sources */ = {isa = PBXBuildFile; fileRef = 7423E20D298E44B50085F8AC /* PostersViewController.swift */; };
		7423E211298E477A0085F8AC /* Posters.swift in Sources */ = {isa = PBXBuildFile; fileRef = 7423E210298E477A0085F8AC /* Posters.swift */; };
		7423E214298E4B3F0085F8AC /* Poster.swift in Sources */ = {isa = PBXBuildFile; fileRef = 7423E213298E4B3F0085F8AC /* Poster.swift */; };
		7426C3D02992F17400D12909 /* data.json in Resources */ = {isa = PBXBuildFile; fileRef = 7426C3CF2992F17300D12909 /* data.json */; };
		742B639B298B482F00876B9D /* AppDelegate.swift in Sources */ = {isa = PBXBuildFile; fileRef = 742B639A298B482F00876B9D /* AppDelegate.swift */; };
		742B639D298B482F00876B9D /* SceneDelegate.swift in Sources */ = {isa = PBXBuildFile; fileRef = 742B639C298B482F00876B9D /* SceneDelegate.swift */; };
		742B63A2298B482F00876B9D /* Main.storyboard in Resources */ = {isa = PBXBuildFile; fileRef = 742B63A0298B482F00876B9D /* Main.storyboard */; };
		742B63A4298B483200876B9D /* Assets.xcassets in Resources */ = {isa = PBXBuildFile; fileRef = 742B63A3298B483200876B9D /* Assets.xcassets */; };
/* End PBXBuildFile section */

/* Begin PBXFileReference section */
		740E04D4298B498100EB0F33 /* TrackCell.swift */ = {isa = PBXFileReference; lastKnownFileType = sourcecode.swift; path = TrackCell.swift; sourceTree = "<group>"; };
		740E04D7298B49A500EB0F33 /* TrackViewController.swift */ = {isa = PBXFileReference; lastKnownFileType = sourcecode.swift; path = TrackViewController.swift; sourceTree = "<group>"; };
		740E04DA298B49D000EB0F33 /* DetailViewController.swift */ = {isa = PBXFileReference; lastKnownFileType = sourcecode.swift; path = DetailViewController.swift; sourceTree = "<group>"; };
		740E04DD298B49F000EB0F33 /* Track.swift */ = {isa = PBXFileReference; lastKnownFileType = sourcecode.swift; path = Track.swift; sourceTree = "<group>"; };
		740E04F2298B775600EB0F33 /* Launch Screen.storyboard */ = {isa = PBXFileReference; lastKnownFileType = file.storyboard; path = "Launch Screen.storyboard"; sourceTree = "<group>"; };
		7423E20D298E44B50085F8AC /* PostersViewController.swift */ = {isa = PBXFileReference; lastKnownFileType = sourcecode.swift; path = PostersViewController.swift; sourceTree = "<group>"; };
		7423E210298E477A0085F8AC /* Posters.swift */ = {isa = PBXFileReference; lastKnownFileType = sourcecode.swift; path = Posters.swift; sourceTree = "<group>"; };
		7423E213298E4B3F0085F8AC /* Poster.swift */ = {isa = PBXFileReference; lastKnownFileType = sourcecode.swift; path = Poster.swift; sourceTree = "<group>"; };
		7426C3CF2992F17300D12909 /* data.json */ = {isa = PBXFileReference; fileEncoding = 4; lastKnownFileType = text.json; name = data.json; path = "../../../../Downloads/flixster 2/flixster/data.json"; sourceTree = "<group>"; };
		742B6397298B482F00876B9D /* Flixster.app */ = {isa = PBXFileReference; explicitFileType = wrapper.application; includeInIndex = 0; path = Flixster.app; sourceTree = BUILT_PRODUCTS_DIR; };
		742B639A298B482F00876B9D /* AppDelegate.swift */ = {isa = PBXFileReference; lastKnownFileType = sourcecode.swift; path = AppDelegate.swift; sourceTree = "<group>"; };
		742B639C298B482F00876B9D /* SceneDelegate.swift */ = {isa = PBXFileReference; lastKnownFileType = sourcecode.swift; path = SceneDelegate.swift; sourceTree = "<group>"; };
		742B63A1298B482F00876B9D /* Base */ = {isa = PBXFileReference; lastKnownFileType = file.storyboard; name = Base; path = Base.lproj/Main.storyboard; sourceTree = "<group>"; };
		742B63A3298B483200876B9D /* Assets.xcassets */ = {isa = PBXFileReference; lastKnownFileType = folder.assetcatalog; path = Assets.xcassets; sourceTree = "<group>"; };
		742B63A8298B483200876B9D /* Info.plist */ = {isa = PBXFileReference; lastKnownFileType = text.plist.xml; path = Info.plist; sourceTree = "<group>"; };
/* End PBXFileReference section */

/* Begin PBXFrameworksBuildPhase section */
		742B6394298B482F00876B9D /* Frameworks */ = {
			isa = PBXFrameworksBuildPhase;
			buildActionMask = 2147483647;
			files = (
				740E04E2298B4A4F00EB0F33 /* Nuke in Frameworks */,
			);
			runOnlyForDeploymentPostprocessing = 0;
		};
/* End PBXFrameworksBuildPhase section */

/* Begin PBXGroup section */
		742B638E298B482F00876B9D = {
			isa = PBXGroup;
			children = (
				742B6399298B482F00876B9D /* Flixster */,
				742B6398298B482F00876B9D /* Products */,
			);
			sourceTree = "<group>";
		};
		742B6398298B482F00876B9D /* Products */ = {
			isa = PBXGroup;
			children = (
				742B6397298B482F00876B9D /* Flixster.app */,
			);
			name = Products;
			sourceTree = "<group>";
		};
		742B6399298B482F00876B9D /* Flixster */ = {
			isa = PBXGroup;
			children = (
				7426C3CF2992F17300D12909 /* data.json */,
				740E04F2298B775600EB0F33 /* Launch Screen.storyboard */,
				742B639A298B482F00876B9D /* AppDelegate.swift */,
				742B639C298B482F00876B9D /* SceneDelegate.swift */,
				742B63A0298B482F00876B9D /* Main.storyboard */,
				742B63A3298B483200876B9D /* Assets.xcassets */,
				742B63A8298B483200876B9D /* Info.plist */,
				740E04D4298B498100EB0F33 /* TrackCell.swift */,
				740E04D7298B49A500EB0F33 /* TrackViewController.swift */,
				740E04DA298B49D000EB0F33 /* DetailViewController.swift */,
				740E04DD298B49F000EB0F33 /* Track.swift */,
				7423E20D298E44B50085F8AC /* PostersViewController.swift */,
				7423E210298E477A0085F8AC /* Posters.swift */,
				7423E213298E4B3F0085F8AC /* Poster.swift */,
			);
			path = Flixster;
			sourceTree = "<group>";
		};
/* End PBXGroup section */

/* Begin PBXNativeTarget section */
		742B6396298B482F00876B9D /* Flixster */ = {
			isa = PBXNativeTarget;
			buildConfigurationList = 742B63AB298B483200876B9D /* Build configuration list for PBXNativeTarget "Flixster" */;
			buildPhases = (
				742B6393298B482F00876B9D /* Sources */,
				742B6394298B482F00876B9D /* Frameworks */,
				742B6395298B482F00876B9D /* Resources */,
			);
			buildRules = (
			);
			dependencies = (
			);
			name = Flixster;
			packageProductDependencies = (
				740E04E1298B4A4F00EB0F33 /* Nuke */,
			);
			productName = Flixster;
			productReference = 742B6397298B482F00876B9D /* Flixster.app */;
			productType = "com.apple.product-type.application";
		};
/* End PBXNativeTarget section */

/* Begin PBXProject section */
		742B638F298B482F00876B9D /* Project object */ = {
			isa = PBXProject;
			attributes = {
				LastSwiftUpdateCheck = 1240;
				LastUpgradeCheck = 1240;
				TargetAttributes = {
					742B6396298B482F00876B9D = {
						CreatedOnToolsVersion = 12.4;
					};
				};
			};
			buildConfigurationList = 742B6392298B482F00876B9D /* Build configuration list for PBXProject "Flixster" */;
			compatibilityVersion = "Xcode 9.3";
			developmentRegion = en;
			hasScannedForEncodings = 0;
			knownRegions = (
				en,
				Base,
			);
			mainGroup = 742B638E298B482F00876B9D;
			packageReferences = (
				740E04E0298B4A4F00EB0F33 /* XCRemoteSwiftPackageReference "Nuke" */,
			);
			productRefGroup = 742B6398298B482F00876B9D /* Products */;
			projectDirPath = "";
			projectRoot = "";
			targets = (
				742B6396298B482F00876B9D /* Flixster */,
			);
		};
/* End PBXProject section */

/* Begin PBXResourcesBuildPhase section */
		742B6395298B482F00876B9D /* Resources */ = {
			isa = PBXResourcesBuildPhase;
			buildActionMask = 2147483647;
			files = (
				740E04F3298B775700EB0F33 /* Launch Screen.storyboard in Resources */,
				742B63A4298B483200876B9D /* Assets.xcassets in Resources */,
				742B63A2298B482F00876B9D /* Main.storyboard in Resources */,
				7426C3D02992F17400D12909 /* data.json in Resources */,
			);
			runOnlyForDeploymentPostprocessing = 0;
		};
/* End PBXResourcesBuildPhase section */

/* Begin PBXSourcesBuildPhase section */
		742B6393298B482F00876B9D /* Sources */ = {
			isa = PBXSourcesBuildPhase;
			buildActionMask = 2147483647;
			files = (
				7423E211298E477A0085F8AC /* Posters.swift in Sources */,
				742B639B298B482F00876B9D /* AppDelegate.swift in Sources */,
				742B639D298B482F00876B9D /* SceneDelegate.swift in Sources */,
				740E04DB298B49D000EB0F33 /* DetailViewController.swift in Sources */,
				740E04D5298B498100EB0F33 /* TrackCell.swift in Sources */,
				7423E214298E4B3F0085F8AC /* Poster.swift in Sources */,
				740E04D8298B49A500EB0F33 /* TrackViewController.swift in Sources */,
				7423E20E298E44B50085F8AC /* PostersViewController.swift in Sources */,
				740E04DE298B49F000EB0F33 /* Track.swift in Sources */,
			);
			runOnlyForDeploymentPostprocessing = 0;
		};
/* End PBXSourcesBuildPhase section */

/* Begin PBXVariantGroup section */
		742B63A0298B482F00876B9D /* Main.storyboard */ = {
			isa = PBXVariantGroup;
			children = (
				742B63A1298B482F00876B9D /* Base */,
			);
			name = Main.storyboard;
			sourceTree = "<group>";
		};
/* End PBXVariantGroup section */

/* Begin XCBuildConfiguration section */
		742B63A9298B483200876B9D /* Debug */ = {
			isa = XCBuildConfiguration;
			buildSettings = {
				ALWAYS_SEARCH_USER_PATHS = NO;
				CLANG_ANALYZER_NONNULL = YES;
				CLANG_ANALYZER_NUMBER_OBJECT_CONVERSION = YES_AGGRESSIVE;
				CLANG_CXX_LANGUAGE_STANDARD = "gnu++14";
				CLANG_CXX_LIBRARY = "libc++";
				CLANG_ENABLE_MODULES = YES;
				CLANG_ENABLE_OBJC_ARC = YES;
				CLANG_ENABLE_OBJC_WEAK = YES;
				CLANG_WARN_BLOCK_CAPTURE_AUTORELEASING = YES;
				CLANG_WARN_BOOL_CONVERSION = YES;
				CLANG_WARN_COMMA = YES;
				CLANG_WARN_CONSTANT_CONVERSION = YES;
				CLANG_WARN_DEPRECATED_OBJC_IMPLEMENTATIONS = YES;
				CLANG_WARN_DIRECT_OBJC_ISA_USAGE = YES_ERROR;
				CLANG_WARN_DOCUMENTATION_COMMENTS = YES;
				CLANG_WARN_EMPTY_BODY = YES;
				CLANG_WARN_ENUM_CONVERSION = YES;
				CLANG_WARN_INFINITE_RECURSION = YES;
				CLANG_WARN_INT_CONVERSION = YES;
				CLANG_WARN_NON_LITERAL_NULL_CONVERSION = YES;
				CLANG_WARN_OBJC_IMPLICIT_RETAIN_SELF = YES;
				CLANG_WARN_OBJC_LITERAL_CONVERSION = YES;
				CLANG_WARN_OBJC_ROOT_CLASS = YES_ERROR;
				CLANG_WARN_QUOTED_INCLUDE_IN_FRAMEWORK_HEADER = YES;
				CLANG_WARN_RANGE_LOOP_ANALYSIS = YES;
				CLANG_WARN_STRICT_PROTOTYPES = YES;
				CLANG_WARN_SUSPICIOUS_MOVE = YES;
				CLANG_WARN_UNGUARDED_AVAILABILITY = YES_AGGRESSIVE;
				CLANG_WARN_UNREACHABLE_CODE = YES;
				CLANG_WARN__DUPLICATE_METHOD_MATCH = YES;
				COPY_PHASE_STRIP = NO;
				DEBUG_INFORMATION_FORMAT = dwarf;
				ENABLE_STRICT_OBJC_MSGSEND = YES;
				ENABLE_TESTABILITY = YES;
				GCC_C_LANGUAGE_STANDARD = gnu11;
				GCC_DYNAMIC_NO_PIC = NO;
				GCC_NO_COMMON_BLOCKS = YES;
				GCC_OPTIMIZATION_LEVEL = 0;
				GCC_PREPROCESSOR_DEFINITIONS = (
					"DEBUG=1",
					"$(inherited)",
				);
				GCC_WARN_64_TO_32_BIT_CONVERSION = YES;
				GCC_WARN_ABOUT_RETURN_TYPE = YES_ERROR;
				GCC_WARN_UNDECLARED_SELECTOR = YES;
				GCC_WARN_UNINITIALIZED_AUTOS = YES_AGGRESSIVE;
				GCC_WARN_UNUSED_FUNCTION = YES;
				GCC_WARN_UNUSED_VARIABLE = YES;
				IPHONEOS_DEPLOYMENT_TARGET = 14.4;
				MTL_ENABLE_DEBUG_INFO = INCLUDE_SOURCE;
				MTL_FAST_MATH = YES;
				ONLY_ACTIVE_ARCH = YES;
				SDKROOT = iphoneos;
				SWIFT_ACTIVE_COMPILATION_CONDITIONS = DEBUG;
				SWIFT_OPTIMIZATION_LEVEL = "-Onone";
			};
			name = Debug;
		};
		742B63AA298B483200876B9D /* Release */ = {
			isa = XCBuildConfiguration;
			buildSettings = {
				ALWAYS_SEARCH_USER_PATHS = NO;
				CLANG_ANALYZER_NONNULL = YES;
				CLANG_ANALYZER_NUMBER_OBJECT_CONVERSION = YES_AGGRESSIVE;
				CLANG_CXX_LANGUAGE_STANDARD = "gnu++14";
				CLANG_CXX_LIBRARY = "libc++";
				CLANG_ENABLE_MODULES = YES;
				CLANG_ENABLE_OBJC_ARC = YES;
				CLANG_ENABLE_OBJC_WEAK = YES;
				CLANG_WARN_BLOCK_CAPTURE_AUTORELEASING = YES;
				CLANG_WARN_BOOL_CONVERSION = YES;
				CLANG_WARN_COMMA = YES;
				CLANG_WARN_CONSTANT_CONVERSION = YES;
				CLANG_WARN_DEPRECATED_OBJC_IMPLEMENTATIONS = YES;
				CLANG_WARN_DIRECT_OBJC_ISA_USAGE = YES_ERROR;
				CLANG_WARN_DOCUMENTATION_COMMENTS = YES;
				CLANG_WARN_EMPTY_BODY = YES;
				CLANG_WARN_ENUM_CONVERSION = YES;
				CLANG_WARN_INFINITE_RECURSION = YES;
				CLANG_WARN_INT_CONVERSION = YES;
				CLANG_WARN_NON_LITERAL_NULL_CONVERSION = YES;
				CLANG_WARN_OBJC_IMPLICIT_RETAIN_SELF = YES;
				CLANG_WARN_OBJC_LITERAL_CONVERSION = YES;
				CLANG_WARN_OBJC_ROOT_CLASS = YES_ERROR;
				CLANG_WARN_QUOTED_INCLUDE_IN_FRAMEWORK_HEADER = YES;
				CLANG_WARN_RANGE_LOOP_ANALYSIS = YES;
				CLANG_WARN_STRICT_PROTOTYPES = YES;
				CLANG_WARN_SUSPICIOUS_MOVE = YES;
				CLANG_WARN_UNGUARDED_AVAILABILITY = YES_AGGRESSIVE;
				CLANG_WARN_UNREACHABLE_CODE = YES;
				CLANG_WARN__DUPLICATE_METHOD_MATCH = YES;
				COPY_PHASE_STRIP = NO;
				DEBUG_INFORMATION_FORMAT = "dwarf-with-dsym";
				ENABLE_NS_ASSERTIONS = NO;
				ENABLE_STRICT_OBJC_MSGSEND = YES;
				GCC_C_LANGUAGE_STANDARD = gnu11;
				GCC_NO_COMMON_BLOCKS = YES;
				GCC_WARN_64_TO_32_BIT_CONVERSION = YES;
				GCC_WARN_ABOUT_RETURN_TYPE = YES_ERROR;
				GCC_WARN_UNDECLARED_SELECTOR = YES;
				GCC_WARN_UNINITIALIZED_AUTOS = YES_AGGRESSIVE;
				GCC_WARN_UNUSED_FUNCTION = YES;
				GCC_WARN_UNUSED_VARIABLE = YES;
				IPHONEOS_DEPLOYMENT_TARGET = 14.4;
				MTL_ENABLE_DEBUG_INFO = NO;
				MTL_FAST_MATH = YES;
				SDKROOT = iphoneos;
				SWIFT_COMPILATION_MODE = wholemodule;
				SWIFT_OPTIMIZATION_LEVEL = "-O";
				VALIDATE_PRODUCT = YES;
			};
			name = Release;
		};
		742B63AC298B483200876B9D /* Debug */ = {
			isa = XCBuildConfiguration;
			buildSettings = {
				ASSETCATALOG_COMPILER_APPICON_NAME = AppIcon;
				ASSETCATALOG_COMPILER_GLOBAL_ACCENT_COLOR_NAME = AccentColor;
				CODE_SIGN_STYLE = Automatic;
				DEVELOPMENT_TEAM = Q42BW7VM85;
				INFOPLIST_FILE = Flixster/Info.plist;
				LD_RUNPATH_SEARCH_PATHS = (
					"$(inherited)",
					"@executable_path/Frameworks",
				);
				PRODUCT_BUNDLE_IDENTIFIER = a.Flixster;
				PRODUCT_NAME = "$(TARGET_NAME)";
				SWIFT_VERSION = 5.0;
				TARGETED_DEVICE_FAMILY = "1,2";
			};
			name = Debug;
		};
		742B63AD298B483200876B9D /* Release */ = {
			isa = XCBuildConfiguration;
			buildSettings = {
				ASSETCATALOG_COMPILER_APPICON_NAME = AppIcon;
				ASSETCATALOG_COMPILER_GLOBAL_ACCENT_COLOR_NAME = AccentColor;
				CODE_SIGN_STYLE = Automatic;
				DEVELOPMENT_TEAM = Q42BW7VM85;
				INFOPLIST_FILE = Flixster/Info.plist;
				LD_RUNPATH_SEARCH_PATHS = (
					"$(inherited)",
					"@executable_path/Frameworks",
				);
				PRODUCT_BUNDLE_IDENTIFIER = a.Flixster;
				PRODUCT_NAME = "$(TARGET_NAME)";
				SWIFT_VERSION = 5.0;
				TARGETED_DEVICE_FAMILY = "1,2";
			};
			name = Release;
		};
/* End XCBuildConfiguration section */

/* Begin XCConfigurationList section */
		742B6392298B482F00876B9D /* Build configuration list for PBXProject "Flixster" */ = {
			isa = XCConfigurationList;
			buildConfigurations = (
				742B63A9298B483200876B9D /* Debug */,
				742B63AA298B483200876B9D /* Release */,
			);
			defaultConfigurationIsVisible = 0;
			defaultConfigurationName = Release;
		};
		742B63AB298B483200876B9D /* Build configuration list for PBXNativeTarget "Flixster" */ = {
			isa = XCConfigurationList;
			buildConfigurations = (
				742B63AC298B483200876B9D /* Debug */,
				742B63AD298B483200876B9D /* Release */,
			);
			defaultConfigurationIsVisible = 0;
			defaultConfigurationName = Release;
		};
/* End XCConfigurationList section */

/* Begin XCRemoteSwiftPackageReference section */
		740E04E0298B4A4F00EB0F33 /* XCRemoteSwiftPackageReference "Nuke" */ = {
			isa = XCRemoteSwiftPackageReference;
			repositoryURL = "https://github.com/kean/Nuke";
			requirement = {
				kind = upToNextMajorVersion;
				minimumVersion = 10.0.0;
			};
		};
/* End XCRemoteSwiftPackageReference section */

/* Begin XCSwiftPackageProductDependency section */
		740E04E1298B4A4F00EB0F33 /* Nuke */ = {
			isa = XCSwiftPackageProductDependency;
			package = 740E04E0298B4A4F00EB0F33 /* XCRemoteSwiftPackageReference "Nuke" */;
			productName = Nuke;
		};
/* End XCSwiftPackageProductDependency section */
	};
	rootObject = 742B638F298B482F00876B9D /* Project object */;
}
